
Microsoft Visual Studio Solution File, Format Version 12.00
# Visual Studio Version 16
VisualStudioVersion = 16.0.31702.278
MinimumVisualStudioVersion = 10.0.40219.1
Project("{FAE04EC0-301F-11D3-BF4B-00C04F79EFBC}") = "AppEmpleados.Android", "AppEmpleados\AppEmpleados.Android\AppEmpleados.Android.csproj", "{16FA6BFB-F983-4D22-92DE-0473E292D1B1}"
EndProject
Project("{FAE04EC0-301F-11D3-BF4B-00C04F79EFBC}") = "AppEmpleados", "AppEmpleados\AppEmpleados\AppEmpleados.csproj", "{FA840EC6-DE62-4E93-92B6-A2A35802C4D1}"
EndProject
Global
	GlobalSection(SolutionConfigurationPlatforms) = preSolution
		Debug|Any CPU = Debug|Any CPU
		Release|Any CPU = Release|Any CPU
	EndGlobalSection
	GlobalSection(ProjectConfigurationPlatforms) = postSolution
		{16FA6BFB-F983-4D22-92DE-0473E292D1B1}.Debug|Any CPU.ActiveCfg = Debug|Any CPU
		{16FA6BFB-F983-4D22-92DE-0473E292D1B1}.Debug|Any CPU.Build.0 = Debug|Any CPU
		{16FA6BFB-F983-4D22-92DE-0473E292D1B1}.Debug|Any CPU.Deploy.0 = Debug|Any CPU
		{16FA6BFB-F983-4D22-92DE-0473E292D1B1}.Release|Any CPU.ActiveCfg = Release|Any CPU
		{16FA6BFB-F983-4D22-92DE-0473E292D1B1}.Release|Any CPU.Build.0 = Release|Any CPU
		{16FA6BFB-F983-4D22-92DE-0473E292D1B1}.Release|Any CPU.Deploy.0 = Release|Any CPU
		{FA840EC6-DE62-4E93-92B6-A2A35802C4D1}.Debug|Any CPU.ActiveCfg = Debug|Any CPU
		{FA840EC6-DE62-4E93-92B6-A2A35802C4D1}.Debug|Any CPU.Build.0 = Debug|Any CPU
		{FA840EC6-DE62-4E93-92B6-A2A35802C4D1}.Debug|Any CPU.Deploy.0 = Debug|Any CPU
		{FA840EC6-DE62-4E93-92B6-A2A35802C4D1}.Release|Any CPU.ActiveCfg = Release|Any CPU
		{FA840EC6-DE62-4E93-92B6-A2A35802C4D1}.Release|Any CPU.Build.0 = Release|Any CPU
		{FA840EC6-DE62-4E93-92B6-A2A35802C4D1}.Release|Any CPU.Deploy.0 = Release|Any CPU
	EndGlobalSection
	GlobalSection(SolutionProperties) = preSolution
		HideSolutionNode = FALSE
	EndGlobalSection
	GlobalSection(ExtensibilityGlobals) = postSolution
		SolutionGuid = {EC92ACF0-66D8-42C5-8D28-508D7D48DFC2}
	EndGlobalSection
EndGlobal
